
Microsoft Visual Studio Solution File, Format Version 12.00
# Visual Studio Version 16
VisualStudioVersion = 16.0.31613.86
MinimumVisualStudioVersion = 10.0.40219.1
Project("{FAE04EC0-301F-11D3-BF4B-00C04F79EFBC}") = "If_Excersize_1", "If_Excersize_1.csproj", "{6BACF347-970D-42B6-A1FE-3EF0E3FA0169}"
EndProject
Global
	GlobalSection(SolutionConfigurationPlatforms) = preSolution
		Debug|Any CPU = Debug|Any CPU
		Release|Any CPU = Release|Any CPU
	EndGlobalSection
	GlobalSection(ProjectConfigurationPlatforms) = postSolution
		{6BACF347-970D-42B6-A1FE-3EF0E3FA0169}.Debug|Any CPU.ActiveCfg = Debug|Any CPU
		{6BACF347-970D-42B6-A1FE-3EF0E3FA0169}.Debug|Any CPU.Build.0 = Debug|Any CPU
		{6BACF347-970D-42B6-A1FE-3EF0E3FA0169}.Release|Any CPU.ActiveCfg = Release|Any CPU
		{6BACF347-970D-42B6-A1FE-3EF0E3FA0169}.Release|Any CPU.Build.0 = Release|Any CPU
	EndGlobalSection
	GlobalSection(SolutionProperties) = preSolution
		HideSolutionNode = FALSE
	EndGlobalSection
	GlobalSection(ExtensibilityGlobals) = postSolution
		SolutionGuid = {46BF5CCC-2BC4-4695-85EE-CCF64F82F0FA}
	EndGlobalSection
EndGlobal
